// !$*UTF8*$!
{
	archiveVersion = 1;
	classes = {
	};
	objectVersion = 50;
	objects = {

/* Begin PBXBuildFile section */
		52613F9B24CFF17300A3A191 /* AppDelegate.swift in Sources */ = {isa = PBXBuildFile; fileRef = 52613F9A24CFF17300A3A191 /* AppDelegate.swift */; };
		52613F9D24CFF17300A3A191 /* SceneDelegate.swift in Sources */ = {isa = PBXBuildFile; fileRef = 52613F9C24CFF17300A3A191 /* SceneDelegate.swift */; };
		52613F9F24CFF17300A3A191 /* ViewController.swift in Sources */ = {isa = PBXBuildFile; fileRef = 52613F9E24CFF17300A3A191 /* ViewController.swift */; };
		52613FA224CFF17300A3A191 /* Main.storyboard in Resources */ = {isa = PBXBuildFile; fileRef = 52613FA024CFF17300A3A191 /* Main.storyboard */; };
		52613FA524CFF17300A3A191 /* Movie_Searcher.xcdatamodeld in Sources */ = {isa = PBXBuildFile; fileRef = 52613FA324CFF17300A3A191 /* Movie_Searcher.xcdatamodeld */; };
		52613FA724CFF17A00A3A191 /* Assets.xcassets in Resources */ = {isa = PBXBuildFile; fileRef = 52613FA624CFF17A00A3A191 /* Assets.xcassets */; };
		52613FAA24CFF17A00A3A191 /* LaunchScreen.storyboard in Resources */ = {isa = PBXBuildFile; fileRef = 52613FA824CFF17A00A3A191 /* LaunchScreen.storyboard */; };
		52613FB524CFF17A00A3A191 /* Movie_SearcherTests.swift in Sources */ = {isa = PBXBuildFile; fileRef = 52613FB424CFF17A00A3A191 /* Movie_SearcherTests.swift */; };
		52613FC024CFF17A00A3A191 /* Movie_SearcherUITests.swift in Sources */ = {isa = PBXBuildFile; fileRef = 52613FBF24CFF17A00A3A191 /* Movie_SearcherUITests.swift */; };
		52613FCF24CFF28700A3A191 /* MovieTableViewCell.swift in Sources */ = {isa = PBXBuildFile; fileRef = 52613FCD24CFF28700A3A191 /* MovieTableViewCell.swift */; };
		52613FD024CFF28700A3A191 /* MovieTableViewCell.xib in Resources */ = {isa = PBXBuildFile; fileRef = 52613FCE24CFF28700A3A191 /* MovieTableViewCell.xib */; };
/* End PBXBuildFile section */

/* Begin PBXContainerItemProxy section */
		52613FB124CFF17A00A3A191 /* PBXContainerItemProxy */ = {
			isa = PBXContainerItemProxy;
			containerPortal = 52613F8F24CFF17300A3A191 /* Project object */;
			proxyType = 1;
			remoteGlobalIDString = 52613F9624CFF17300A3A191;
			remoteInfo = "Movie Searcher";
		};
		52613FBC24CFF17A00A3A191 /* PBXContainerItemProxy */ = {
			isa = PBXContainerItemProxy;
			containerPortal = 52613F8F24CFF17300A3A191 /* Project object */;
			proxyType = 1;
			remoteGlobalIDString = 52613F9624CFF17300A3A191;
			remoteInfo = "Movie Searcher";
		};
/* End PBXContainerItemProxy section */

/* Begin PBXFileReference section */
		52613F9724CFF17300A3A191 /* Movie Searcher.app */ = {isa = PBXFileReference; explicitFileType = wrapper.application; includeInIndex = 0; path = "Movie Searcher.app"; sourceTree = BUILT_PRODUCTS_DIR; };
		52613F9A24CFF17300A3A191 /* AppDelegate.swift */ = {isa = PBXFileReference; lastKnownFileType = sourcecode.swift; path = AppDelegate.swift; sourceTree = "<group>"; };
		52613F9C24CFF17300A3A191 /* SceneDelegate.swift */ = {isa = PBXFileReference; lastKnownFileType = sourcecode.swift; path = SceneDelegate.swift; sourceTree = "<group>"; };
		52613F9E24CFF17300A3A191 /* ViewController.swift */ = {isa = PBXFileReference; lastKnownFileType = sourcecode.swift; path = ViewController.swift; sourceTree = "<group>"; };
		52613FA124CFF17300A3A191 /* Base */ = {isa = PBXFileReference; lastKnownFileType = file.storyboard; name = Base; path = Base.lproj/Main.storyboard; sourceTree = "<group>"; };
		52613FA424CFF17300A3A191 /* Movie_Searcher.xcdatamodel */ = {isa = PBXFileReference; lastKnownFileType = wrapper.xcdatamodel; path = Movie_Searcher.xcdatamodel; sourceTree = "<group>"; };
		52613FA624CFF17A00A3A191 /* Assets.xcassets */ = {isa = PBXFileReference; lastKnownFileType = folder.assetcatalog; path = Assets.xcassets; sourceTree = "<group>"; };
		52613FA924CFF17A00A3A191 /* Base */ = {isa = PBXFileReference; lastKnownFileType = file.storyboard; name = Base; path = Base.lproj/LaunchScreen.storyboard; sourceTree = "<group>"; };
		52613FAB24CFF17A00A3A191 /* Info.plist */ = {isa = PBXFileReference; lastKnownFileType = text.plist.xml; path = Info.plist; sourceTree = "<group>"; };
		52613FB024CFF17A00A3A191 /* Movie SearcherTests.xctest */ = {isa = PBXFileReference; explicitFileType = wrapper.cfbundle; includeInIndex = 0; path = "Movie SearcherTests.xctest"; sourceTree = BUILT_PRODUCTS_DIR; };
		52613FB424CFF17A00A3A191 /* Movie_SearcherTests.swift */ = {isa = PBXFileReference; lastKnownFileType = sourcecode.swift; path = Movie_SearcherTests.swift; sourceTree = "<group>"; };
		52613FB624CFF17A00A3A191 /* Info.plist */ = {isa = PBXFileReference; lastKnownFileType = text.plist.xml; path = Info.plist; sourceTree = "<group>"; };
		52613FBB24CFF17A00A3A191 /* Movie SearcherUITests.xctest */ = {isa = PBXFileReference; explicitFileType = wrapper.cfbundle; includeInIndex = 0; path = "Movie SearcherUITests.xctest"; sourceTree = BUILT_PRODUCTS_DIR; };
		52613FBF24CFF17A00A3A191 /* Movie_SearcherUITests.swift */ = {isa = PBXFileReference; lastKnownFileType = sourcecode.swift; path = Movie_SearcherUITests.swift; sourceTree = "<group>"; };
		52613FC124CFF17A00A3A191 /* Info.plist */ = {isa = PBXFileReference; lastKnownFileType = text.plist.xml; path = Info.plist; sourceTree = "<group>"; };
		52613FCD24CFF28700A3A191 /* MovieTableViewCell.swift */ = {isa = PBXFileReference; lastKnownFileType = sourcecode.swift; path = MovieTableViewCell.swift; sourceTree = "<group>"; };
		52613FCE24CFF28700A3A191 /* MovieTableViewCell.xib */ = {isa = PBXFileReference; lastKnownFileType = file.xib; path = MovieTableViewCell.xib; sourceTree = "<group>"; };
/* End PBXFileReference section */

/* Begin PBXFrameworksBuildPhase section */
		52613F9424CFF17300A3A191 /* Frameworks */ = {
			isa = PBXFrameworksBuildPhase;
			buildActionMask = 2147483647;
			files = (
			);
			runOnlyForDeploymentPostprocessing = 0;
		};
		52613FAD24CFF17A00A3A191 /* Frameworks */ = {
			isa = PBXFrameworksBuildPhase;
			buildActionMask = 2147483647;
			files = (
			);
			runOnlyForDeploymentPostprocessing = 0;
		};
		52613FB824CFF17A00A3A191 /* Frameworks */ = {
			isa = PBXFrameworksBuildPhase;
			buildActionMask = 2147483647;
			files = (
			);
			runOnlyForDeploymentPostprocessing = 0;
		};
/* End PBXFrameworksBuildPhase section */

/* Begin PBXGroup section */
		52613F8E24CFF17300A3A191 = {
			isa = PBXGroup;
			children = (
				52613F9924CFF17300A3A191 /* Movie Searcher */,
				52613FB324CFF17A00A3A191 /* Movie SearcherTests */,
				52613FBE24CFF17A00A3A191 /* Movie SearcherUITests */,
				52613F9824CFF17300A3A191 /* Products */,
			);
			sourceTree = "<group>";
		};
		52613F9824CFF17300A3A191 /* Products */ = {
			isa = PBXGroup;
			children = (
				52613F9724CFF17300A3A191 /* Movie Searcher.app */,
				52613FB024CFF17A00A3A191 /* Movie SearcherTests.xctest */,
				52613FBB24CFF17A00A3A191 /* Movie SearcherUITests.xctest */,
			);
			name = Products;
			sourceTree = "<group>";
		};
		52613F9924CFF17300A3A191 /* Movie Searcher */ = {
			isa = PBXGroup;
			children = (
				52613F9A24CFF17300A3A191 /* AppDelegate.swift */,
				52613F9C24CFF17300A3A191 /* SceneDelegate.swift */,
				52613F9E24CFF17300A3A191 /* ViewController.swift */,
				52613FA024CFF17300A3A191 /* Main.storyboard */,
				52613FA624CFF17A00A3A191 /* Assets.xcassets */,
				52613FA824CFF17A00A3A191 /* LaunchScreen.storyboard */,
				52613FAB24CFF17A00A3A191 /* Info.plist */,
				52613FA324CFF17300A3A191 /* Movie_Searcher.xcdatamodeld */,
				52613FCD24CFF28700A3A191 /* MovieTableViewCell.swift */,
				52613FCE24CFF28700A3A191 /* MovieTableViewCell.xib */,
			);
			path = "Movie Searcher";
			sourceTree = "<group>";
		};
		52613FB324CFF17A00A3A191 /* Movie SearcherTests */ = {
			isa = PBXGroup;
			children = (
				52613FB424CFF17A00A3A191 /* Movie_SearcherTests.swift */,
				52613FB624CFF17A00A3A191 /* Info.plist */,
			);
			path = "Movie SearcherTests";
			sourceTree = "<group>";
		};
		52613FBE24CFF17A00A3A191 /* Movie SearcherUITests */ = {
			isa = PBXGroup;
			children = (
				52613FBF24CFF17A00A3A191 /* Movie_SearcherUITests.swift */,
				52613FC124CFF17A00A3A191 /* Info.plist */,
			);
			path = "Movie SearcherUITests";
			sourceTree = "<group>";
		};
/* End PBXGroup section */

/* Begin PBXNativeTarget section */
		52613F9624CFF17300A3A191 /* Movie Searcher */ = {
			isa = PBXNativeTarget;
			buildConfigurationList = 52613FC424CFF17A00A3A191 /* Build configuration list for PBXNativeTarget "Movie Searcher" */;
			buildPhases = (
				52613F9324CFF17300A3A191 /* Sources */,
				52613F9424CFF17300A3A191 /* Frameworks */,
				52613F9524CFF17300A3A191 /* Resources */,
			);
			buildRules = (
			);
			dependencies = (
			);
			name = "Movie Searcher";
			productName = "Movie Searcher";
			productReference = 52613F9724CFF17300A3A191 /* Movie Searcher.app */;
			productType = "com.apple.product-type.application";
		};
		52613FAF24CFF17A00A3A191 /* Movie SearcherTests */ = {
			isa = PBXNativeTarget;
			buildConfigurationList = 52613FC724CFF17A00A3A191 /* Build configuration list for PBXNativeTarget "Movie SearcherTests" */;
			buildPhases = (
				52613FAC24CFF17A00A3A191 /* Sources */,
				52613FAD24CFF17A00A3A191 /* Frameworks */,
				52613FAE24CFF17A00A3A191 /* Resources */,
			);
			buildRules = (
			);
			dependencies = (
				52613FB224CFF17A00A3A191 /* PBXTargetDependency */,
			);
			name = "Movie SearcherTests";
			productName = "Movie SearcherTests";
			productReference = 52613FB024CFF17A00A3A191 /* Movie SearcherTests.xctest */;
			productType = "com.apple.product-type.bundle.unit-test";
		};
		52613FBA24CFF17A00A3A191 /* Movie SearcherUITests */ = {
			isa = PBXNativeTarget;
			buildConfigurationList = 52613FCA24CFF17A00A3A191 /* Build configuration list for PBXNativeTarget "Movie SearcherUITests" */;
			buildPhases = (
				52613FB724CFF17A00A3A191 /* Sources */,
				52613FB824CFF17A00A3A191 /* Frameworks */,
				52613FB924CFF17A00A3A191 /* Resources */,
			);
			buildRules = (
			);
			dependencies = (
				52613FBD24CFF17A00A3A191 /* PBXTargetDependency */,
			);
			name = "Movie SearcherUITests";
			productName = "Movie SearcherUITests";
			productReference = 52613FBB24CFF17A00A3A191 /* Movie SearcherUITests.xctest */;
			productType = "com.apple.product-type.bundle.ui-testing";
		};
/* End PBXNativeTarget section */

/* Begin PBXProject section */
		52613F8F24CFF17300A3A191 /* Project object */ = {
			isa = PBXProject;
			attributes = {
				LastSwiftUpdateCheck = 1160;
				LastUpgradeCheck = 1160;
				ORGANIZATIONNAME = "Полина Кожухарь";
				TargetAttributes = {
					52613F9624CFF17300A3A191 = {
						CreatedOnToolsVersion = 11.6;
					};
					52613FAF24CFF17A00A3A191 = {
						CreatedOnToolsVersion = 11.6;
						TestTargetID = 52613F9624CFF17300A3A191;
					};
					52613FBA24CFF17A00A3A191 = {
						CreatedOnToolsVersion = 11.6;
						TestTargetID = 52613F9624CFF17300A3A191;
					};
				};
			};
			buildConfigurationList = 52613F9224CFF17300A3A191 /* Build configuration list for PBXProject "Movie Searcher" */;
			compatibilityVersion = "Xcode 9.3";
			developmentRegion = en;
			hasScannedForEncodings = 0;
			knownRegions = (
				en,
				Base,
			);
			mainGroup = 52613F8E24CFF17300A3A191;
			productRefGroup = 52613F9824CFF17300A3A191 /* Products */;
			projectDirPath = "";
			projectRoot = "";
			targets = (
				52613F9624CFF17300A3A191 /* Movie Searcher */,
				52613FAF24CFF17A00A3A191 /* Movie SearcherTests */,
				52613FBA24CFF17A00A3A191 /* Movie SearcherUITests */,
			);
		};
/* End PBXProject section */

/* Begin PBXResourcesBuildPhase section */
		52613F9524CFF17300A3A191 /* Resources */ = {
			isa = PBXResourcesBuildPhase;
			buildActionMask = 2147483647;
			files = (
				52613FAA24CFF17A00A3A191 /* LaunchScreen.storyboard in Resources */,
				52613FA724CFF17A00A3A191 /* Assets.xcassets in Resources */,
				52613FD024CFF28700A3A191 /* MovieTableViewCell.xib in Resources */,
				52613FA224CFF17300A3A191 /* Main.storyboard in Resources */,
			);
			runOnlyForDeploymentPostprocessing = 0;
		};
		52613FAE24CFF17A00A3A191 /* Resources */ = {
			isa = PBXResourcesBuildPhase;
			buildActionMask = 2147483647;
			files = (
			);
			runOnlyForDeploymentPostprocessing = 0;
		};
		52613FB924CFF17A00A3A191 /* Resources */ = {
			isa = PBXResourcesBuildPhase;
			buildActionMask = 2147483647;
			files = (
			);
			runOnlyForDeploymentPostprocessing = 0;
		};
/* End PBXResourcesBuildPhase section */

/* Begin PBXSourcesBuildPhase section */
		52613F9324CFF17300A3A191 /* Sources */ = {
			isa = PBXSourcesBuildPhase;
			buildActionMask = 2147483647;
			files = (
				52613FCF24CFF28700A3A191 /* MovieTableViewCell.swift in Sources */,
				52613F9F24CFF17300A3A191 /* ViewController.swift in Sources */,
				52613F9B24CFF17300A3A191 /* AppDelegate.swift in Sources */,
				52613F9D24CFF17300A3A191 /* SceneDelegate.swift in Sources */,
				52613FA524CFF17300A3A191 /* Movie_Searcher.xcdatamodeld in Sources */,
			);
			runOnlyForDeploymentPostprocessing = 0;
		};
		52613FAC24CFF17A00A3A191 /* Sources */ = {
			isa = PBXSourcesBuildPhase;
			buildActionMask = 2147483647;
			files = (
				52613FB524CFF17A00A3A191 /* Movie_SearcherTests.swift in Sources */,
			);
			runOnlyForDeploymentPostprocessing = 0;
		};
		52613FB724CFF17A00A3A191 /* Sources */ = {
			isa = PBXSourcesBuildPhase;
			buildActionMask = 2147483647;
			files = (
				52613FC024CFF17A00A3A191 /* Movie_SearcherUITests.swift in Sources */,
			);
			runOnlyForDeploymentPostprocessing = 0;
		};
/* End PBXSourcesBuildPhase section */

/* Begin PBXTargetDependency section */
		52613FB224CFF17A00A3A191 /* PBXTargetDependency */ = {
			isa = PBXTargetDependency;
			target = 52613F9624CFF17300A3A191 /* Movie Searcher */;
			targetProxy = 52613FB124CFF17A00A3A191 /* PBXContainerItemProxy */;
		};
		52613FBD24CFF17A00A3A191 /* PBXTargetDependency */ = {
			isa = PBXTargetDependency;
			target = 52613F9624CFF17300A3A191 /* Movie Searcher */;
			targetProxy = 52613FBC24CFF17A00A3A191 /* PBXContainerItemProxy */;
		};
/* End PBXTargetDependency section */

/* Begin PBXVariantGroup section */
		52613FA024CFF17300A3A191 /* Main.storyboard */ = {
			isa = PBXVariantGroup;
			children = (
				52613FA124CFF17300A3A191 /* Base */,
			);
			name = Main.storyboard;
			sourceTree = "<group>";
		};
		52613FA824CFF17A00A3A191 /* LaunchScreen.storyboard */ = {
			isa = PBXVariantGroup;
			children = (
				52613FA924CFF17A00A3A191 /* Base */,
			);
			name = LaunchScreen.storyboard;
			sourceTree = "<group>";
		};
/* End PBXVariantGroup section */

/* Begin XCBuildConfiguration section */
		52613FC224CFF17A00A3A191 /* Debug */ = {
			isa = XCBuildConfiguration;
			buildSettings = {
				ALWAYS_SEARCH_USER_PATHS = NO;
				CLANG_ANALYZER_NONNULL = YES;
				CLANG_ANALYZER_NUMBER_OBJECT_CONVERSION = YES_AGGRESSIVE;
				CLANG_CXX_LANGUAGE_STANDARD = "gnu++14";
				CLANG_CXX_LIBRARY = "libc++";
				CLANG_ENABLE_MODULES = YES;
				CLANG_ENABLE_OBJC_ARC = YES;
				CLANG_ENABLE_OBJC_WEAK = YES;
				CLANG_WARN_BLOCK_CAPTURE_AUTORELEASING = YES;
				CLANG_WARN_BOOL_CONVERSION = YES;
				CLANG_WARN_COMMA = YES;
				CLANG_WARN_CONSTANT_CONVERSION = YES;
				CLANG_WARN_DEPRECATED_OBJC_IMPLEMENTATIONS = YES;
				CLANG_WARN_DIRECT_OBJC_ISA_USAGE = YES_ERROR;
				CLANG_WARN_DOCUMENTATION_COMMENTS = YES;
				CLANG_WARN_EMPTY_BODY = YES;
				CLANG_WARN_ENUM_CONVERSION = YES;
				CLANG_WARN_INFINITE_RECURSION = YES;
				CLANG_WARN_INT_CONVERSION = YES;
				CLANG_WARN_NON_LITERAL_NULL_CONVERSION = YES;
				CLANG_WARN_OBJC_IMPLICIT_RETAIN_SELF = YES;
				CLANG_WARN_OBJC_LITERAL_CONVERSION = YES;
				CLANG_WARN_OBJC_ROOT_CLASS = YES_ERROR;
				CLANG_WARN_RANGE_LOOP_ANALYSIS = YES;
				CLANG_WARN_STRICT_PROTOTYPES = YES;
				CLANG_WARN_SUSPICIOUS_MOVE = YES;
				CLANG_WARN_UNGUARDED_AVAILABILITY = YES_AGGRESSIVE;
				CLANG_WARN_UNREACHABLE_CODE = YES;
				CLANG_WARN__DUPLICATE_METHOD_MATCH = YES;
				COPY_PHASE_STRIP = NO;
				DEBUG_INFORMATION_FORMAT = dwarf;
				ENABLE_STRICT_OBJC_MSGSEND = YES;
				ENABLE_TESTABILITY = YES;
				GCC_C_LANGUAGE_STANDARD = gnu11;
				GCC_DYNAMIC_NO_PIC = NO;
				GCC_NO_COMMON_BLOCKS = YES;
				GCC_OPTIMIZATION_LEVEL = 0;
				GCC_PREPROCESSOR_DEFINITIONS = (
					"DEBUG=1",
					"$(inherited)",
				);
				GCC_WARN_64_TO_32_BIT_CONVERSION = YES;
				GCC_WARN_ABOUT_RETURN_TYPE = YES_ERROR;
				GCC_WARN_UNDECLARED_SELECTOR = YES;
				GCC_WARN_UNINITIALIZED_AUTOS = YES_AGGRESSIVE;
				GCC_WARN_UNUSED_FUNCTION = YES;
				GCC_WARN_UNUSED_VARIABLE = YES;
				IPHONEOS_DEPLOYMENT_TARGET = 13.6;
				MTL_ENABLE_DEBUG_INFO = INCLUDE_SOURCE;
				MTL_FAST_MATH = YES;
				ONLY_ACTIVE_ARCH = YES;
				SDKROOT = iphoneos;
				SWIFT_ACTIVE_COMPILATION_CONDITIONS = DEBUG;
				SWIFT_OPTIMIZATION_LEVEL = "-Onone";
			};
			name = Debug;
		};
		52613FC324CFF17A00A3A191 /* Release */ = {
			isa = XCBuildConfiguration;
			buildSettings = {
				ALWAYS_SEARCH_USER_PATHS = NO;
				CLANG_ANALYZER_NONNULL = YES;
				CLANG_ANALYZER_NUMBER_OBJECT_CONVERSION = YES_AGGRESSIVE;
				CLANG_CXX_LANGUAGE_STANDARD = "gnu++14";
				CLANG_CXX_LIBRARY = "libc++";
				CLANG_ENABLE_MODULES = YES;
				CLANG_ENABLE_OBJC_ARC = YES;
				CLANG_ENABLE_OBJC_WEAK = YES;
				CLANG_WARN_BLOCK_CAPTURE_AUTORELEASING = YES;
				CLANG_WARN_BOOL_CONVERSION = YES;
				CLANG_WARN_COMMA = YES;
				CLANG_WARN_CONSTANT_CONVERSION = YES;
				CLANG_WARN_DEPRECATED_OBJC_IMPLEMENTATIONS = YES;
				CLANG_WARN_DIRECT_OBJC_ISA_USAGE = YES_ERROR;
				CLANG_WARN_DOCUMENTATION_COMMENTS = YES;
				CLANG_WARN_EMPTY_BODY = YES;
				CLANG_WARN_ENUM_CONVERSION = YES;
				CLANG_WARN_INFINITE_RECURSION = YES;
				CLANG_WARN_INT_CONVERSION = YES;
				CLANG_WARN_NON_LITERAL_NULL_CONVERSION = YES;
				CLANG_WARN_OBJC_IMPLICIT_RETAIN_SELF = YES;
				CLANG_WARN_OBJC_LITERAL_CONVERSION = YES;
				CLANG_WARN_OBJC_ROOT_CLASS = YES_ERROR;
				CLANG_WARN_RANGE_LOOP_ANALYSIS = YES;
				CLANG_WARN_STRICT_PROTOTYPES = YES;
				CLANG_WARN_SUSPICIOUS_MOVE = YES;
				CLANG_WARN_UNGUARDED_AVAILABILITY = YES_AGGRESSIVE;
				CLANG_WARN_UNREACHABLE_CODE = YES;
				CLANG_WARN__DUPLICATE_METHOD_MATCH = YES;
				COPY_PHASE_STRIP = NO;
				DEBUG_INFORMATION_FORMAT = "dwarf-with-dsym";
				ENABLE_NS_ASSERTIONS = NO;
				ENABLE_STRICT_OBJC_MSGSEND = YES;
				GCC_C_LANGUAGE_STANDARD = gnu11;
				GCC_NO_COMMON_BLOCKS = YES;
				GCC_WARN_64_TO_32_BIT_CONVERSION = YES;
				GCC_WARN_ABOUT_RETURN_TYPE = YES_ERROR;
				GCC_WARN_UNDECLARED_SELECTOR = YES;
				GCC_WARN_UNINITIALIZED_AUTOS = YES_AGGRESSIVE;
				GCC_WARN_UNUSED_FUNCTION = YES;
				GCC_WARN_UNUSED_VARIABLE = YES;
				IPHONEOS_DEPLOYMENT_TARGET = 13.6;
				MTL_ENABLE_DEBUG_INFO = NO;
				MTL_FAST_MATH = YES;
				SDKROOT = iphoneos;
				SWIFT_COMPILATION_MODE = wholemodule;
				SWIFT_OPTIMIZATION_LEVEL = "-O";
				VALIDATE_PRODUCT = YES;
			};
			name = Release;
		};
		52613FC524CFF17A00A3A191 /* Debug */ = {
			isa = XCBuildConfiguration;
			buildSettings = {
				ASSETCATALOG_COMPILER_APPICON_NAME = AppIcon;
				CODE_SIGN_STYLE = Automatic;
				DEVELOPMENT_TEAM = 78ZLS8HP67;
				INFOPLIST_FILE = "Movie Searcher/Info.plist";
				LD_RUNPATH_SEARCH_PATHS = (
					"$(inherited)",
					"@executable_path/Frameworks",
				);
				PRODUCT_BUNDLE_IDENTIFIER = "-.Movie-Searcher";
				PRODUCT_NAME = "$(TARGET_NAME)";
				SWIFT_VERSION = 5.0;
				TARGETED_DEVICE_FAMILY = "1,2";
			};
			name = Debug;
		};
		52613FC624CFF17A00A3A191 /* Release */ = {
			isa = XCBuildConfiguration;
			buildSettings = {
				ASSETCATALOG_COMPILER_APPICON_NAME = AppIcon;
				CODE_SIGN_STYLE = Automatic;
				DEVELOPMENT_TEAM = 78ZLS8HP67;
				INFOPLIST_FILE = "Movie Searcher/Info.plist";
				LD_RUNPATH_SEARCH_PATHS = (
					"$(inherited)",
					"@executable_path/Frameworks",
				);
				PRODUCT_BUNDLE_IDENTIFIER = "-.Movie-Searcher";
				PRODUCT_NAME = "$(TARGET_NAME)";
				SWIFT_VERSION = 5.0;
				TARGETED_DEVICE_FAMILY = "1,2";
			};
			name = Release;
		};
		52613FC824CFF17A00A3A191 /* Debug */ = {
			isa = XCBuildConfiguration;
			buildSettings = {
				ALWAYS_EMBED_SWIFT_STANDARD_LIBRARIES = YES;
				BUNDLE_LOADER = "$(TEST_HOST)";
				CODE_SIGN_STYLE = Automatic;
				DEVELOPMENT_TEAM = 78ZLS8HP67;
				INFOPLIST_FILE = "Movie SearcherTests/Info.plist";
				IPHONEOS_DEPLOYMENT_TARGET = 13.6;
				LD_RUNPATH_SEARCH_PATHS = (
					"$(inherited)",
					"@executable_path/Frameworks",
					"@loader_path/Frameworks",
				);
				PRODUCT_BUNDLE_IDENTIFIER = "-.Movie-SearcherTests";
				PRODUCT_NAME = "$(TARGET_NAME)";
				SWIFT_VERSION = 5.0;
				TARGETED_DEVICE_FAMILY = "1,2";
				TEST_HOST = "$(BUILT_PRODUCTS_DIR)/Movie Searcher.app/Movie Searcher";
			};
			name = Debug;
		};
		52613FC924CFF17A00A3A191 /* Release */ = {
			isa = XCBuildConfiguration;
			buildSettings = {
				ALWAYS_EMBED_SWIFT_STANDARD_LIBRARIES = YES;
				BUNDLE_LOADER = "$(TEST_HOST)";
				CODE_SIGN_STYLE = Automatic;
				DEVELOPMENT_TEAM = 78ZLS8HP67;
				INFOPLIST_FILE = "Movie SearcherTests/Info.plist";
				IPHONEOS_DEPLOYMENT_TARGET = 13.6;
				LD_RUNPATH_SEARCH_PATHS = (
					"$(inherited)",
					"@executable_path/Frameworks",
					"@loader_path/Frameworks",
				);
				PRODUCT_BUNDLE_IDENTIFIER = "-.Movie-SearcherTests";
				PRODUCT_NAME = "$(TARGET_NAME)";
				SWIFT_VERSION = 5.0;
				TARGETED_DEVICE_FAMILY = "1,2";
				TEST_HOST = "$(BUILT_PRODUCTS_DIR)/Movie Searcher.app/Movie Searcher";
			};
			name = Release;
		};
		52613FCB24CFF17A00A3A191 /* Debug */ = {
			isa = XCBuildConfiguration;
			buildSettings = {
				ALWAYS_EMBED_SWIFT_STANDARD_LIBRARIES = YES;
				CODE_SIGN_STYLE = Automatic;
				DEVELOPMENT_TEAM = 78ZLS8HP67;
				INFOPLIST_FILE = "Movie SearcherUITests/Info.plist";
				LD_RUNPATH_SEARCH_PATHS = (
					"$(inherited)",
					"@executable_path/Frameworks",
					"@loader_path/Frameworks",
				);
				PRODUCT_BUNDLE_IDENTIFIER = "-.Movie-SearcherUITests";
				PRODUCT_NAME = "$(TARGET_NAME)";
				SWIFT_VERSION = 5.0;
				TARGETED_DEVICE_FAMILY = "1,2";
				TEST_TARGET_NAME = "Movie Searcher";
			};
			name = Debug;
		};
		52613FCC24CFF17A00A3A191 /* Release */ = {
			isa = XCBuildConfiguration;
			buildSettings = {
				ALWAYS_EMBED_SWIFT_STANDARD_LIBRARIES = YES;
				CODE_SIGN_STYLE = Automatic;
				DEVELOPMENT_TEAM = 78ZLS8HP67;
				INFOPLIST_FILE = "Movie SearcherUITests/Info.plist";
				LD_RUNPATH_SEARCH_PATHS = (
					"$(inherited)",
					"@executable_path/Frameworks",
					"@loader_path/Frameworks",
				);
				PRODUCT_BUNDLE_IDENTIFIER = "-.Movie-SearcherUITests";
				PRODUCT_NAME = "$(TARGET_NAME)";
				SWIFT_VERSION = 5.0;
				TARGETED_DEVICE_FAMILY = "1,2";
				TEST_TARGET_NAME = "Movie Searcher";
			};
			name = Release;
		};
/* End XCBuildConfiguration section */

/* Begin XCConfigurationList section */
		52613F9224CFF17300A3A191 /* Build configuration list for PBXProject "Movie Searcher" */ = {
			isa = XCConfigurationList;
			buildConfigurations = (
				52613FC224CFF17A00A3A191 /* Debug */,
				52613FC324CFF17A00A3A191 /* Release */,
			);
			defaultConfigurationIsVisible = 0;
			defaultConfigurationName = Release;
		};
		52613FC424CFF17A00A3A191 /* Build configuration list for PBXNativeTarget "Movie Searcher" */ = {
			isa = XCConfigurationList;
			buildConfigurations = (
				52613FC524CFF17A00A3A191 /* Debug */,
				52613FC624CFF17A00A3A191 /* Release */,
			);
			defaultConfigurationIsVisible = 0;
			defaultConfigurationName = Release;
		};
		52613FC724CFF17A00A3A191 /* Build configuration list for PBXNativeTarget "Movie SearcherTests" */ = {
			isa = XCConfigurationList;
			buildConfigurations = (
				52613FC824CFF17A00A3A191 /* Debug */,
				52613FC924CFF17A00A3A191 /* Release */,
			);
			defaultConfigurationIsVisible = 0;
			defaultConfigurationName = Release;
		};
		52613FCA24CFF17A00A3A191 /* Build configuration list for PBXNativeTarget "Movie SearcherUITests" */ = {
			isa = XCConfigurationList;
			buildConfigurations = (
				52613FCB24CFF17A00A3A191 /* Debug */,
				52613FCC24CFF17A00A3A191 /* Release */,
			);
			defaultConfigurationIsVisible = 0;
			defaultConfigurationName = Release;
		};
/* End XCConfigurationList section */

/* Begin XCVersionGroup section */
		52613FA324CFF17300A3A191 /* Movie_Searcher.xcdatamodeld */ = {
			isa = XCVersionGroup;
			children = (
				52613FA424CFF17300A3A191 /* Movie_Searcher.xcdatamodel */,
			);
			currentVersion = 52613FA424CFF17300A3A191 /* Movie_Searcher.xcdatamodel */;
			path = Movie_Searcher.xcdatamodeld;
			sourceTree = "<group>";
			versionGroupType = wrapper.xcdatamodel;
		};
/* End XCVersionGroup section */
	};
	rootObject = 52613F8F24CFF17300A3A191 /* Project object */;
}
